
Microsoft Visual Studio Solution File, Format Version 12.00
# Visual Studio Version 17
VisualStudioVersion = 17.5.002.0
MinimumVisualStudioVersion = 10.0.40219.1
Project("{9A19103F-16F7-4668-BE54-9A1E7A4F7556}") = "DB-dotnet", "DB-dotnet.csproj", "{815CB44F-3C8B-4130-8CA7-A62FB616AE46}"
EndProject
Global
	GlobalSection(SolutionConfigurationPlatforms) = preSolution
		Debug|Any CPU = Debug|Any CPU
		Release|Any CPU = Release|Any CPU
	EndGlobalSection
	GlobalSection(ProjectConfigurationPlatforms) = postSolution
		{815CB44F-3C8B-4130-8CA7-A62FB616AE46}.Debug|Any CPU.ActiveCfg = Debug|Any CPU
		{815CB44F-3C8B-4130-8CA7-A62FB616AE46}.Debug|Any CPU.Build.0 = Debug|Any CPU
		{815CB44F-3C8B-4130-8CA7-A62FB616AE46}.Release|Any CPU.ActiveCfg = Release|Any CPU
		{815CB44F-3C8B-4130-8CA7-A62FB616AE46}.Release|Any CPU.Build.0 = Release|Any CPU
	EndGlobalSection
	GlobalSection(SolutionProperties) = preSolution
		HideSolutionNode = FALSE
	EndGlobalSection
	GlobalSection(ExtensibilityGlobals) = postSolution
		SolutionGuid = {5F1F13CD-73B3-45D7-8BDB-22E8DF4866E8}
	EndGlobalSection
EndGlobal
